
Microsoft Visual Studio Solution File, Format Version 12.00
# Visual Studio Version 17
VisualStudioVersion = 17.5.002.0
MinimumVisualStudioVersion = 10.0.40219.1
Project("{9A19103F-16F7-4668-BE54-9A1E7A4F7556}") = "EFContextLib", "EFContextLib\EFContextLib.csproj", "{4F4E1429-DA3B-4D81-96FF-7435438964F5}"
EndProject
Project("{9A19103F-16F7-4668-BE54-9A1E7A4F7556}") = "EFContextLib.Test", "EFContextLib.Test\EFContextLib.Test.csproj", "{0743EC9B-5596-4E57-9D3E-1AB79C97EAED}"
EndProject
Project("{9A19103F-16F7-4668-BE54-9A1E7A4F7556}") = "Backend", "Backend\Backend.csproj", "{98F1F893-8956-4225-B413-5A9592F97777}"
EndProject
Global
	GlobalSection(SolutionConfigurationPlatforms) = preSolution
		Debug|Any CPU = Debug|Any CPU
		Release|Any CPU = Release|Any CPU
	EndGlobalSection
	GlobalSection(ProjectConfigurationPlatforms) = postSolution
		{4F4E1429-DA3B-4D81-96FF-7435438964F5}.Debug|Any CPU.ActiveCfg = Debug|Any CPU
		{4F4E1429-DA3B-4D81-96FF-7435438964F5}.Debug|Any CPU.Build.0 = Debug|Any CPU
		{4F4E1429-DA3B-4D81-96FF-7435438964F5}.Release|Any CPU.ActiveCfg = Release|Any CPU
		{4F4E1429-DA3B-4D81-96FF-7435438964F5}.Release|Any CPU.Build.0 = Release|Any CPU
		{0743EC9B-5596-4E57-9D3E-1AB79C97EAED}.Debug|Any CPU.ActiveCfg = Debug|Any CPU
		{0743EC9B-5596-4E57-9D3E-1AB79C97EAED}.Debug|Any CPU.Build.0 = Debug|Any CPU
		{0743EC9B-5596-4E57-9D3E-1AB79C97EAED}.Release|Any CPU.ActiveCfg = Release|Any CPU
		{0743EC9B-5596-4E57-9D3E-1AB79C97EAED}.Release|Any CPU.Build.0 = Release|Any CPU
		{98F1F893-8956-4225-B413-5A9592F97777}.Debug|Any CPU.ActiveCfg = Debug|Any CPU
		{98F1F893-8956-4225-B413-5A9592F97777}.Debug|Any CPU.Build.0 = Debug|Any CPU
		{98F1F893-8956-4225-B413-5A9592F97777}.Release|Any CPU.ActiveCfg = Release|Any CPU
		{98F1F893-8956-4225-B413-5A9592F97777}.Release|Any CPU.Build.0 = Release|Any CPU
	EndGlobalSection
	GlobalSection(SolutionProperties) = preSolution
		HideSolutionNode = FALSE
	EndGlobalSection
	GlobalSection(ExtensibilityGlobals) = postSolution
		SolutionGuid = {F73050D0-21B9-4D5F-A44E-9179B6D15153}
	EndGlobalSection
EndGlobal
